
Microsoft Visual Studio Solution File, Format Version 12.00
# Visual Studio Version 17
VisualStudioVersion = 17.12.35527.113 d17.12
MinimumVisualStudioVersion = 10.0.40219.1
Project("{FAE04EC0-301F-11D3-BF4B-00C04F79EFBC}") = "Biblioteca.API", "Biblioteca.API.csproj", "{C721319A-4130-4E64-B09C-78F4AE84F1F6}"
EndProject
Project("{FAE04EC0-301F-11D3-BF4B-00C04F79EFBC}") = "Bibilioteca.Domain", "..\Bibilioteca.Domain\Bibilioteca.Domain.csproj", "{3EB3FBFA-3F4A-4DCE-BB2D-5BC4476778C0}"
EndProject
Project("{FAE04EC0-301F-11D3-BF4B-00C04F79EFBC}") = "Biblioteca.Application", "..\Biblioteca.Application\Biblioteca.Application.csproj", "{D5AA8498-498C-4C0F-9EF1-3CAC9EB3C967}"
EndProject
Project("{FAE04EC0-301F-11D3-BF4B-00C04F79EFBC}") = "Biblioteca.Infrastructure", "..\Biblioteca.Infrastructure\Biblioteca.Infrastructure.csproj", "{9B4D3234-2F09-4F49-8157-261CB5B77916}"
EndProject
Project("{FAE04EC0-301F-11D3-BF4B-00C04F79EFBC}") = "Biblioteca.Tests", "..\Biblioteca.Tests\Biblioteca.Tests.csproj", "{7EEED6D1-2C5D-4D38-8D6D-2D883C59AE2D}"
EndProject
Global
	GlobalSection(SolutionConfigurationPlatforms) = preSolution
		Debug|Any CPU = Debug|Any CPU
		Release|Any CPU = Release|Any CPU
	EndGlobalSection
	GlobalSection(ProjectConfigurationPlatforms) = postSolution
		{C721319A-4130-4E64-B09C-78F4AE84F1F6}.Debug|Any CPU.ActiveCfg = Debug|Any CPU
		{C721319A-4130-4E64-B09C-78F4AE84F1F6}.Debug|Any CPU.Build.0 = Debug|Any CPU
		{C721319A-4130-4E64-B09C-78F4AE84F1F6}.Release|Any CPU.ActiveCfg = Release|Any CPU
		{C721319A-4130-4E64-B09C-78F4AE84F1F6}.Release|Any CPU.Build.0 = Release|Any CPU
		{3EB3FBFA-3F4A-4DCE-BB2D-5BC4476778C0}.Debug|Any CPU.ActiveCfg = Debug|Any CPU
		{3EB3FBFA-3F4A-4DCE-BB2D-5BC4476778C0}.Debug|Any CPU.Build.0 = Debug|Any CPU
		{3EB3FBFA-3F4A-4DCE-BB2D-5BC4476778C0}.Release|Any CPU.ActiveCfg = Release|Any CPU
		{3EB3FBFA-3F4A-4DCE-BB2D-5BC4476778C0}.Release|Any CPU.Build.0 = Release|Any CPU
		{D5AA8498-498C-4C0F-9EF1-3CAC9EB3C967}.Debug|Any CPU.ActiveCfg = Debug|Any CPU
		{D5AA8498-498C-4C0F-9EF1-3CAC9EB3C967}.Debug|Any CPU.Build.0 = Debug|Any CPU
		{D5AA8498-498C-4C0F-9EF1-3CAC9EB3C967}.Release|Any CPU.ActiveCfg = Release|Any CPU
		{D5AA8498-498C-4C0F-9EF1-3CAC9EB3C967}.Release|Any CPU.Build.0 = Release|Any CPU
		{9B4D3234-2F09-4F49-8157-261CB5B77916}.Debug|Any CPU.ActiveCfg = Debug|Any CPU
		{9B4D3234-2F09-4F49-8157-261CB5B77916}.Debug|Any CPU.Build.0 = Debug|Any CPU
		{9B4D3234-2F09-4F49-8157-261CB5B77916}.Release|Any CPU.ActiveCfg = Release|Any CPU
		{9B4D3234-2F09-4F49-8157-261CB5B77916}.Release|Any CPU.Build.0 = Release|Any CPU
		{7EEED6D1-2C5D-4D38-8D6D-2D883C59AE2D}.Debug|Any CPU.ActiveCfg = Debug|Any CPU
		{7EEED6D1-2C5D-4D38-8D6D-2D883C59AE2D}.Debug|Any CPU.Build.0 = Debug|Any CPU
		{7EEED6D1-2C5D-4D38-8D6D-2D883C59AE2D}.Release|Any CPU.ActiveCfg = Release|Any CPU
		{7EEED6D1-2C5D-4D38-8D6D-2D883C59AE2D}.Release|Any CPU.Build.0 = Release|Any CPU
	EndGlobalSection
	GlobalSection(SolutionProperties) = preSolution
		HideSolutionNode = FALSE
	EndGlobalSection
EndGlobal
